
Microsoft Visual Studio Solution File, Format Version 12.00
# Visual Studio 15
VisualStudioVersion = 15.0.28307.572
MinimumVisualStudioVersion = 10.0.40219.1
Project("{FAE04EC0-301F-11D3-BF4B-00C04F79EFBC}") = "RA.IoC", "RA.IoC\RA.IoC.csproj", "{6129D466-F15D-43C6-A76F-608411E994F8}"
EndProject
Project("{FAE04EC0-301F-11D3-BF4B-00C04F79EFBC}") = "RA.Kernel", "RA.Kernel\RA.Kernel.csproj", "{F545D9A6-93FE-497A-BC9D-039923944938}"
EndProject
Project("{FAE04EC0-301F-11D3-BF4B-00C04F79EFBC}") = "RA.Persistence", "RA.Persistence\RA.Persistence.csproj", "{65B6E98B-D6C2-4D8B-AC1C-9A4B1765EB1C}"
EndProject
Project("{FAE04EC0-301F-11D3-BF4B-00C04F79EFBC}") = "RA.Persistence.Mssql", "RA.Persistence.Mssql\RA.Persistence.Mssql.csproj", "{5B9B95ED-333F-4FEB-B14A-D0F832F10F0E}"
EndProject
Project("{FAE04EC0-301F-11D3-BF4B-00C04F79EFBC}") = "RA.BusinessService", "RA.BusinessService\RA.BusinessService.csproj", "{CC06F56D-D572-4005-B71D-671F428948EB}"
EndProject
Project("{9A19103F-16F7-4668-BE54-9A1E7A4F7556}") = "RA.Api", "RA.Api\RA.Api.csproj", "{D6E2A676-674D-40AA-B86A-6BC7470B9540}"
EndProject
Project("{2150E333-8FDC-42A3-9474-1A3956D46DE8}") = "Desktop", "Desktop", "{F2FEBBDE-2902-4EA8-84E7-4B446B002DAD}"
EndProject
Project("{2150E333-8FDC-42A3-9474-1A3956D46DE8}") = "Mobile", "Mobile", "{C32CF988-D638-4F4D-A1B7-03D1789313D3}"
EndProject
Project("{FAE04EC0-301F-11D3-BF4B-00C04F79EFBC}") = "RA.WindowsClient", "RA.WindowsClient\RA.WindowsClient.csproj", "{BE7009AA-F2A8-4373-BAD5-7DB7896E3780}"
EndProject
Project("{FAE04EC0-301F-11D3-BF4B-00C04F79EFBC}") = "RA.WindowsConnector", "RA.WindowsConnector\RA.WindowsConnector.csproj", "{D7D679A2-D733-43E4-A269-43955228BB39}"
EndProject
Global
	GlobalSection(SolutionConfigurationPlatforms) = preSolution
		Debug|Any CPU = Debug|Any CPU
		Release|Any CPU = Release|Any CPU
	EndGlobalSection
	GlobalSection(ProjectConfigurationPlatforms) = postSolution
		{6129D466-F15D-43C6-A76F-608411E994F8}.Debug|Any CPU.ActiveCfg = Debug|Any CPU
		{6129D466-F15D-43C6-A76F-608411E994F8}.Debug|Any CPU.Build.0 = Debug|Any CPU
		{6129D466-F15D-43C6-A76F-608411E994F8}.Release|Any CPU.ActiveCfg = Release|Any CPU
		{6129D466-F15D-43C6-A76F-608411E994F8}.Release|Any CPU.Build.0 = Release|Any CPU
		{F545D9A6-93FE-497A-BC9D-039923944938}.Debug|Any CPU.ActiveCfg = Debug|Any CPU
		{F545D9A6-93FE-497A-BC9D-039923944938}.Debug|Any CPU.Build.0 = Debug|Any CPU
		{F545D9A6-93FE-497A-BC9D-039923944938}.Release|Any CPU.ActiveCfg = Release|Any CPU
		{F545D9A6-93FE-497A-BC9D-039923944938}.Release|Any CPU.Build.0 = Release|Any CPU
		{65B6E98B-D6C2-4D8B-AC1C-9A4B1765EB1C}.Debug|Any CPU.ActiveCfg = Debug|Any CPU
		{65B6E98B-D6C2-4D8B-AC1C-9A4B1765EB1C}.Debug|Any CPU.Build.0 = Debug|Any CPU
		{65B6E98B-D6C2-4D8B-AC1C-9A4B1765EB1C}.Release|Any CPU.ActiveCfg = Release|Any CPU
		{65B6E98B-D6C2-4D8B-AC1C-9A4B1765EB1C}.Release|Any CPU.Build.0 = Release|Any CPU
		{5B9B95ED-333F-4FEB-B14A-D0F832F10F0E}.Debug|Any CPU.ActiveCfg = Debug|Any CPU
		{5B9B95ED-333F-4FEB-B14A-D0F832F10F0E}.Debug|Any CPU.Build.0 = Debug|Any CPU
		{5B9B95ED-333F-4FEB-B14A-D0F832F10F0E}.Release|Any CPU.ActiveCfg = Release|Any CPU
		{5B9B95ED-333F-4FEB-B14A-D0F832F10F0E}.Release|Any CPU.Build.0 = Release|Any CPU
		{CC06F56D-D572-4005-B71D-671F428948EB}.Debug|Any CPU.ActiveCfg = Debug|Any CPU
		{CC06F56D-D572-4005-B71D-671F428948EB}.Debug|Any CPU.Build.0 = Debug|Any CPU
		{CC06F56D-D572-4005-B71D-671F428948EB}.Release|Any CPU.ActiveCfg = Release|Any CPU
		{CC06F56D-D572-4005-B71D-671F428948EB}.Release|Any CPU.Build.0 = Release|Any CPU
		{D6E2A676-674D-40AA-B86A-6BC7470B9540}.Debug|Any CPU.ActiveCfg = Debug|Any CPU
		{D6E2A676-674D-40AA-B86A-6BC7470B9540}.Debug|Any CPU.Build.0 = Debug|Any CPU
		{D6E2A676-674D-40AA-B86A-6BC7470B9540}.Release|Any CPU.ActiveCfg = Release|Any CPU
		{D6E2A676-674D-40AA-B86A-6BC7470B9540}.Release|Any CPU.Build.0 = Release|Any CPU
		{BE7009AA-F2A8-4373-BAD5-7DB7896E3780}.Debug|Any CPU.ActiveCfg = Debug|Any CPU
		{BE7009AA-F2A8-4373-BAD5-7DB7896E3780}.Debug|Any CPU.Build.0 = Debug|Any CPU
		{BE7009AA-F2A8-4373-BAD5-7DB7896E3780}.Release|Any CPU.ActiveCfg = Release|Any CPU
		{BE7009AA-F2A8-4373-BAD5-7DB7896E3780}.Release|Any CPU.Build.0 = Release|Any CPU
		{D7D679A2-D733-43E4-A269-43955228BB39}.Debug|Any CPU.ActiveCfg = Debug|Any CPU
		{D7D679A2-D733-43E4-A269-43955228BB39}.Debug|Any CPU.Build.0 = Debug|Any CPU
		{D7D679A2-D733-43E4-A269-43955228BB39}.Release|Any CPU.ActiveCfg = Release|Any CPU
		{D7D679A2-D733-43E4-A269-43955228BB39}.Release|Any CPU.Build.0 = Release|Any CPU
	EndGlobalSection
	GlobalSection(SolutionProperties) = preSolution
		HideSolutionNode = FALSE
	EndGlobalSection
	GlobalSection(NestedProjects) = preSolution
		{BE7009AA-F2A8-4373-BAD5-7DB7896E3780} = {F2FEBBDE-2902-4EA8-84E7-4B446B002DAD}
		{D7D679A2-D733-43E4-A269-43955228BB39} = {F2FEBBDE-2902-4EA8-84E7-4B446B002DAD}
	EndGlobalSection
	GlobalSection(ExtensibilityGlobals) = postSolution
		SolutionGuid = {BF564FC3-D942-4445-845C-ED86A737EC19}
	EndGlobalSection
EndGlobal
